
Microsoft Visual Studio Solution File, Format Version 12.00
# Visual Studio Version 16
VisualStudioVersion = 16.0.31624.102
MinimumVisualStudioVersion = 10.0.40219.1
Project("{9A19103F-16F7-4668-BE54-9A1E7A4F7556}") = "Form1", "WinFormsApp1\Form1.csproj", "{5BCD78FC-849F-4E81-B38E-D98F4E89A2F7}"
EndProject
Global
	GlobalSection(SolutionConfigurationPlatforms) = preSolution
		Debug|Any CPU = Debug|Any CPU
		Release|Any CPU = Release|Any CPU
	EndGlobalSection
	GlobalSection(ProjectConfigurationPlatforms) = postSolution
		{5BCD78FC-849F-4E81-B38E-D98F4E89A2F7}.Debug|Any CPU.ActiveCfg = Debug|Any CPU
		{5BCD78FC-849F-4E81-B38E-D98F4E89A2F7}.Debug|Any CPU.Build.0 = Debug|Any CPU
		{5BCD78FC-849F-4E81-B38E-D98F4E89A2F7}.Release|Any CPU.ActiveCfg = Release|Any CPU
		{5BCD78FC-849F-4E81-B38E-D98F4E89A2F7}.Release|Any CPU.Build.0 = Release|Any CPU
	EndGlobalSection
	GlobalSection(SolutionProperties) = preSolution
		HideSolutionNode = FALSE
	EndGlobalSection
	GlobalSection(ExtensibilityGlobals) = postSolution
		SolutionGuid = {B5D6F047-5B8F-415D-80A6-78C3DB2626F2}
	EndGlobalSection
EndGlobal
